PODS:
  - Realm (4.4.1):
    - Realm/Headers (= 4.4.1)
  - Realm/Headers (4.4.1)
  - RealmSwift (4.4.1):
    - Realm (= 4.4.1)
  - SDWebImage (5.7.3):
    - SDWebImage/Core (= 5.7.3)
  - SDWebImage/Core (5.7.3)
  - SDWebImageSVGCoder (1.5.0):
    - SDWebImage/Core (~> 5.6)

DEPENDENCIES:
  - RealmSwift
  - SDWebImage (~> 5.7)
  - SDWebImageSVGCoder

SPEC REPOS:
  trunk:
    - Realm
    - RealmSwift
    - SDWebImage
    - SDWebImageSVGCoder

SPEC CHECKSUMS:
  Realm: 4eb04d7487bd43c0581256f40b424eafb711deff
  RealmSwift: 3eb8924ff7100df5928c7602f71d0fec51e7c9c5
  SDWebImage: 97351f6582ceca541ea294ba66a1fcb342a331c2
  SDWebImageSVGCoder: 057f61bd29c13aea7ddf9b5b0e23c34bcd2fba21

PODFILE CHECKSUM: 062154d1912bd92791cf2c4020fe03d36edad74f

COCOAPODS: 1.8.4
