// !$*UTF8*$!
{
	archiveVersion = 1;
	classes = {
	};
	objectVersion = 50;
	objects = {

/* Begin PBXBuildFile section */
		C61E9BA32449AB0D009C6ACA /* QuoteProvider.swift in Sources */ = {isa = PBXBuildFile; fileRef = C61E9BA22449AB0D009C6ACA /* QuoteProvider.swift */; };
		C61E9BA7244AFEB5009C6ACA /* QuotesTableViewController.swift in Sources */ = {isa = PBXBuildFile; fileRef = C61E9BA6244AFEB5009C6ACA /* QuotesTableViewController.swift */; };
		C61E9BA9244B5054009C6ACA /* QuoteTableViewCell.swift in Sources */ = {isa = PBXBuildFile; fileRef = C61E9BA8244B5054009C6ACA /* QuoteTableViewCell.swift */; };
		C61E9BAB244B761B009C6ACA /* DetailViewController.swift in Sources */ = {isa = PBXBuildFile; fileRef = C61E9BAA244B761B009C6ACA /* DetailViewController.swift */; };
		C65B880D2444F1ED00F86D38 /* AppDelegate.swift in Sources */ = {isa = PBXBuildFile; fileRef = C65B880C2444F1ED00F86D38 /* AppDelegate.swift */; };
		C65B880F2444F1ED00F86D38 /* SceneDelegate.swift in Sources */ = {isa = PBXBuildFile; fileRef = C65B880E2444F1ED00F86D38 /* SceneDelegate.swift */; };
		C65B88142444F1ED00F86D38 /* Main.storyboard in Resources */ = {isa = PBXBuildFile; fileRef = C65B88122444F1ED00F86D38 /* Main.storyboard */; };
		C65B88162444F1F200F86D38 /* Assets.xcassets in Resources */ = {isa = PBXBuildFile; fileRef = C65B88152444F1F200F86D38 /* Assets.xcassets */; };
		C65B88192444F1F200F86D38 /* LaunchScreen.storyboard in Resources */ = {isa = PBXBuildFile; fileRef = C65B88172444F1F200F86D38 /* LaunchScreen.storyboard */; };
		C65B88212444F25C00F86D38 /* Quote.swift in Sources */ = {isa = PBXBuildFile; fileRef = C65B88202444F25C00F86D38 /* Quote.swift */; };
		C65B88232445CAAC00F86D38 /* Converter.swift in Sources */ = {isa = PBXBuildFile; fileRef = C65B88222445CAAC00F86D38 /* Converter.swift */; };
		C6C15F4F2455EB7300F6BF8E /* ConvertViewController.swift in Sources */ = {isa = PBXBuildFile; fileRef = C6C15F4E2455EB7300F6BF8E /* ConvertViewController.swift */; };
		C6C15F532455FD8D00F6BF8E /* CurrencySelectionTableViewController.swift in Sources */ = {isa = PBXBuildFile; fileRef = C6C15F522455FD8D00F6BF8E /* CurrencySelectionTableViewController.swift */; };
		C6C15F552455FE1C00F6BF8E /* CurrencyTableViewCell.swift in Sources */ = {isa = PBXBuildFile; fileRef = C6C15F542455FE1C00F6BF8E /* CurrencyTableViewCell.swift */; };
/* End PBXBuildFile section */

/* Begin PBXFileReference section */
		C61E9BA22449AB0D009C6ACA /* QuoteProvider.swift */ = {isa = PBXFileReference; lastKnownFileType = sourcecode.swift; path = QuoteProvider.swift; sourceTree = "<group>"; };
		C61E9BA6244AFEB5009C6ACA /* QuotesTableViewController.swift */ = {isa = PBXFileReference; lastKnownFileType = sourcecode.swift; path = QuotesTableViewController.swift; sourceTree = "<group>"; };
		C61E9BA8244B5054009C6ACA /* QuoteTableViewCell.swift */ = {isa = PBXFileReference; lastKnownFileType = sourcecode.swift; path = QuoteTableViewCell.swift; sourceTree = "<group>"; };
		C61E9BAA244B761B009C6ACA /* DetailViewController.swift */ = {isa = PBXFileReference; lastKnownFileType = sourcecode.swift; path = DetailViewController.swift; sourceTree = "<group>"; };
		C65B88092444F1ED00F86D38 /* CryptoConverter.app */ = {isa = PBXFileReference; explicitFileType = wrapper.application; includeInIndex = 0; path = CryptoConverter.app; sourceTree = BUILT_PRODUCTS_DIR; };
		C65B880C2444F1ED00F86D38 /* AppDelegate.swift */ = {isa = PBXFileReference; lastKnownFileType = sourcecode.swift; path = AppDelegate.swift; sourceTree = "<group>"; };
		C65B880E2444F1ED00F86D38 /* SceneDelegate.swift */ = {isa = PBXFileReference; lastKnownFileType = sourcecode.swift; path = SceneDelegate.swift; sourceTree = "<group>"; };
		C65B88132444F1ED00F86D38 /* Base */ = {isa = PBXFileReference; lastKnownFileType = file.storyboard; name = Base; path = Base.lproj/Main.storyboard; sourceTree = "<group>"; };
		C65B88152444F1F200F86D38 /* Assets.xcassets */ = {isa = PBXFileReference; lastKnownFileType = folder.assetcatalog; path = Assets.xcassets; sourceTree = "<group>"; };
		C65B88182444F1F200F86D38 /* Base */ = {isa = PBXFileReference; lastKnownFileType = file.storyboard; name = Base; path = Base.lproj/LaunchScreen.storyboard; sourceTree = "<group>"; };
		C65B881A2444F1F200F86D38 /* Info.plist */ = {isa = PBXFileReference; lastKnownFileType = text.plist.xml; path = Info.plist; sourceTree = "<group>"; };
		C65B88202444F25C00F86D38 /* Quote.swift */ = {isa = PBXFileReference; lastKnownFileType = sourcecode.swift; path = Quote.swift; sourceTree = "<group>"; };
		C65B88222445CAAC00F86D38 /* Converter.swift */ = {isa = PBXFileReference; lastKnownFileType = sourcecode.swift; path = Converter.swift; sourceTree = "<group>"; };
		C6C15F4E2455EB7300F6BF8E /* ConvertViewController.swift */ = {isa = PBXFileReference; lastKnownFileType = sourcecode.swift; path = ConvertViewController.swift; sourceTree = "<group>"; };
		C6C15F522455FD8D00F6BF8E /* CurrencySelectionTableViewController.swift */ = {isa = PBXFileReference; lastKnownFileType = sourcecode.swift; path = CurrencySelectionTableViewController.swift; sourceTree = "<group>"; };
		C6C15F542455FE1C00F6BF8E /* CurrencyTableViewCell.swift */ = {isa = PBXFileReference; lastKnownFileType = sourcecode.swift; path = CurrencyTableViewCell.swift; sourceTree = "<group>"; };
/* End PBXFileReference section */

/* Begin PBXFrameworksBuildPhase section */
		C65B88062444F1ED00F86D38 /* Frameworks */ = {
			isa = PBXFrameworksBuildPhase;
			buildActionMask = 2147483647;
			files = (
			);
			runOnlyForDeploymentPostprocessing = 0;
		};
/* End PBXFrameworksBuildPhase section */

/* Begin PBXGroup section */
		C61E9BA02449AA25009C6ACA /* Controller */ = {
			isa = PBXGroup;
			children = (
				C61E9BA6244AFEB5009C6ACA /* QuotesTableViewController.swift */,
				C6C15F522455FD8D00F6BF8E /* CurrencySelectionTableViewController.swift */,
				C61E9BAA244B761B009C6ACA /* DetailViewController.swift */,
				C6C15F4E2455EB7300F6BF8E /* ConvertViewController.swift */,
			);
			path = Controller;
			sourceTree = "<group>";
		};
		C61E9BA12449AA33009C6ACA /* View */ = {
			isa = PBXGroup;
			children = (
				C65B88122444F1ED00F86D38 /* Main.storyboard */,
				C65B88172444F1F200F86D38 /* LaunchScreen.storyboard */,
				C61E9BA8244B5054009C6ACA /* QuoteTableViewCell.swift */,
				C6C15F542455FE1C00F6BF8E /* CurrencyTableViewCell.swift */,
			);
			path = View;
			sourceTree = "<group>";
		};
		C65B88002444F1ED00F86D38 = {
			isa = PBXGroup;
			children = (
				C65B880B2444F1ED00F86D38 /* CryptoConverter */,
				C65B880A2444F1ED00F86D38 /* Products */,
			);
			sourceTree = "<group>";
		};
		C65B880A2444F1ED00F86D38 /* Products */ = {
			isa = PBXGroup;
			children = (
				C65B88092444F1ED00F86D38 /* CryptoConverter.app */,
			);
			name = Products;
			sourceTree = "<group>";
		};
		C65B880B2444F1ED00F86D38 /* CryptoConverter */ = {
			isa = PBXGroup;
			children = (
				C65B880C2444F1ED00F86D38 /* AppDelegate.swift */,
				C65B880E2444F1ED00F86D38 /* SceneDelegate.swift */,
				C61E9BA02449AA25009C6ACA /* Controller */,
				C65B88242446517E00F86D38 /* Model */,
				C61E9BA12449AA33009C6ACA /* View */,
				C65B88152444F1F200F86D38 /* Assets.xcassets */,
				C65B881A2444F1F200F86D38 /* Info.plist */,
			);
			path = CryptoConverter;
			sourceTree = "<group>";
		};
		C65B88242446517E00F86D38 /* Model */ = {
			isa = PBXGroup;
			children = (
				C65B88202444F25C00F86D38 /* Quote.swift */,
				C65B88222445CAAC00F86D38 /* Converter.swift */,
				C61E9BA22449AB0D009C6ACA /* QuoteProvider.swift */,
			);
			path = Model;
			sourceTree = "<group>";
		};
/* End PBXGroup section */

/* Begin PBXNativeTarget section */
		C65B88082444F1ED00F86D38 /* CryptoConverter */ = {
			isa = PBXNativeTarget;
			buildConfigurationList = C65B881D2444F1F200F86D38 /* Build configuration list for PBXNativeTarget "CryptoConverter" */;
			buildPhases = (
				C65B88052444F1ED00F86D38 /* Sources */,
				C65B88062444F1ED00F86D38 /* Frameworks */,
				C65B88072444F1ED00F86D38 /* Resources */,
			);
			buildRules = (
			);
			dependencies = (
			);
			name = CryptoConverter;
			productName = CryptoConverter;
			productReference = C65B88092444F1ED00F86D38 /* CryptoConverter.app */;
			productType = "com.apple.product-type.application";
		};
/* End PBXNativeTarget section */

/* Begin PBXProject section */
		C65B88012444F1ED00F86D38 /* Project object */ = {
			isa = PBXProject;
			attributes = {
				LastSwiftUpdateCheck = 1130;
				LastUpgradeCheck = 1130;
				ORGANIZATIONNAME = "Adina Kenzhebekova";
				TargetAttributes = {
					C65B88082444F1ED00F86D38 = {
						CreatedOnToolsVersion = 11.3.1;
					};
				};
			};
			buildConfigurationList = C65B88042444F1ED00F86D38 /* Build configuration list for PBXProject "CryptoConverter" */;
			compatibilityVersion = "Xcode 9.3";
			developmentRegion = en;
			hasScannedForEncodings = 0;
			knownRegions = (
				en,
				Base,
			);
			mainGroup = C65B88002444F1ED00F86D38;
			productRefGroup = C65B880A2444F1ED00F86D38 /* Products */;
			projectDirPath = "";
			projectRoot = "";
			targets = (
				C65B88082444F1ED00F86D38 /* CryptoConverter */,
			);
		};
/* End PBXProject section */

/* Begin PBXResourcesBuildPhase section */
		C65B88072444F1ED00F86D38 /* Resources */ = {
			isa = PBXResourcesBuildPhase;
			buildActionMask = 2147483647;
			files = (
				C65B88192444F1F200F86D38 /* LaunchScreen.storyboard in Resources */,
				C65B88162444F1F200F86D38 /* Assets.xcassets in Resources */,
				C65B88142444F1ED00F86D38 /* Main.storyboard in Resources */,
			);
			runOnlyForDeploymentPostprocessing = 0;
		};
/* End PBXResourcesBuildPhase section */

/* Begin PBXSourcesBuildPhase section */
		C65B88052444F1ED00F86D38 /* Sources */ = {
			isa = PBXSourcesBuildPhase;
			buildActionMask = 2147483647;
			files = (
				C65B88212444F25C00F86D38 /* Quote.swift in Sources */,
				C65B880D2444F1ED00F86D38 /* AppDelegate.swift in Sources */,
				C61E9BA7244AFEB5009C6ACA /* QuotesTableViewController.swift in Sources */,
				C6C15F532455FD8D00F6BF8E /* CurrencySelectionTableViewController.swift in Sources */,
				C61E9BA9244B5054009C6ACA /* QuoteTableViewCell.swift in Sources */,
				C6C15F552455FE1C00F6BF8E /* CurrencyTableViewCell.swift in Sources */,
				C61E9BA32449AB0D009C6ACA /* QuoteProvider.swift in Sources */,
				C6C15F4F2455EB7300F6BF8E /* ConvertViewController.swift in Sources */,
				C65B880F2444F1ED00F86D38 /* SceneDelegate.swift in Sources */,
				C65B88232445CAAC00F86D38 /* Converter.swift in Sources */,
				C61E9BAB244B761B009C6ACA /* DetailViewController.swift in Sources */,
			);
			runOnlyForDeploymentPostprocessing = 0;
		};
/* End PBXSourcesBuildPhase section */

/* Begin PBXVariantGroup section */
		C65B88122444F1ED00F86D38 /* Main.storyboard */ = {
			isa = PBXVariantGroup;
			children = (
				C65B88132444F1ED00F86D38 /* Base */,
			);
			name = Main.storyboard;
			sourceTree = "<group>";
		};
		C65B88172444F1F200F86D38 /* LaunchScreen.storyboard */ = {
			isa = PBXVariantGroup;
			children = (
				C65B88182444F1F200F86D38 /* Base */,
			);
			name = LaunchScreen.storyboard;
			sourceTree = "<group>";
		};
/* End PBXVariantGroup section */

/* Begin XCBuildConfiguration section */
		C65B881B2444F1F200F86D38 /* Debug */ = {
			isa = XCBuildConfiguration;
			buildSettings = {
				ALWAYS_SEARCH_USER_PATHS = NO;
				CLANG_ANALYZER_NONNULL = YES;
				CLANG_ANALYZER_NUMBER_OBJECT_CONVERSION = YES_AGGRESSIVE;
				CLANG_CXX_LANGUAGE_STANDARD = "gnu++14";
				CLANG_CXX_LIBRARY = "libc++";
				CLANG_ENABLE_MODULES = YES;
				CLANG_ENABLE_OBJC_ARC = YES;
				CLANG_ENABLE_OBJC_WEAK = YES;
				CLANG_WARN_BLOCK_CAPTURE_AUTORELEASING = YES;
				CLANG_WARN_BOOL_CONVERSION = YES;
				CLANG_WARN_COMMA = YES;
				CLANG_WARN_CONSTANT_CONVERSION = YES;
				CLANG_WARN_DEPRECATED_OBJC_IMPLEMENTATIONS = YES;
				CLANG_WARN_DIRECT_OBJC_ISA_USAGE = YES_ERROR;
				CLANG_WARN_DOCUMENTATION_COMMENTS = YES;
				CLANG_WARN_EMPTY_BODY = YES;
				CLANG_WARN_ENUM_CONVERSION = YES;
				CLANG_WARN_INFINITE_RECURSION = YES;
				CLANG_WARN_INT_CONVERSION = YES;
				CLANG_WARN_NON_LITERAL_NULL_CONVERSION = YES;
				CLANG_WARN_OBJC_IMPLICIT_RETAIN_SELF = YES;
				CLANG_WARN_OBJC_LITERAL_CONVERSION = YES;
				CLANG_WARN_OBJC_ROOT_CLASS = YES_ERROR;
				CLANG_WARN_RANGE_LOOP_ANALYSIS = YES;
				CLANG_WARN_STRICT_PROTOTYPES = YES;
				CLANG_WARN_SUSPICIOUS_MOVE = YES;
				CLANG_WARN_UNGUARDED_AVAILABILITY = YES_AGGRESSIVE;
				CLANG_WARN_UNREACHABLE_CODE = YES;
				CLANG_WARN__DUPLICATE_METHOD_MATCH = YES;
				COPY_PHASE_STRIP = NO;
				DEBUG_INFORMATION_FORMAT = dwarf;
				ENABLE_STRICT_OBJC_MSGSEND = YES;
				ENABLE_TESTABILITY = YES;
				GCC_C_LANGUAGE_STANDARD = gnu11;
				GCC_DYNAMIC_NO_PIC = NO;
				GCC_NO_COMMON_BLOCKS = YES;
				GCC_OPTIMIZATION_LEVEL = 0;
				GCC_PREPROCESSOR_DEFINITIONS = (
					"DEBUG=1",
					"$(inherited)",
				);
				GCC_WARN_64_TO_32_BIT_CONVERSION = YES;
				GCC_WARN_ABOUT_RETURN_TYPE = YES_ERROR;
				GCC_WARN_UNDECLARED_SELECTOR = YES;
				GCC_WARN_UNINITIALIZED_AUTOS = YES_AGGRESSIVE;
				GCC_WARN_UNUSED_FUNCTION = YES;
				GCC_WARN_UNUSED_VARIABLE = YES;
				IPHONEOS_DEPLOYMENT_TARGET = 13.2;
				MTL_ENABLE_DEBUG_INFO = INCLUDE_SOURCE;
				MTL_FAST_MATH = YES;
				ONLY_ACTIVE_ARCH = YES;
				SDKROOT = iphoneos;
				SWIFT_ACTIVE_COMPILATION_CONDITIONS = DEBUG;
				SWIFT_OPTIMIZATION_LEVEL = "-Onone";
			};
			name = Debug;
		};
		C65B881C2444F1F200F86D38 /* Release */ = {
			isa = XCBuildConfiguration;
			buildSettings = {
				ALWAYS_SEARCH_USER_PATHS = NO;
				CLANG_ANALYZER_NONNULL = YES;
				CLANG_ANALYZER_NUMBER_OBJECT_CONVERSION = YES_AGGRESSIVE;
				CLANG_CXX_LANGUAGE_STANDARD = "gnu++14";
				CLANG_CXX_LIBRARY = "libc++";
				CLANG_ENABLE_MODULES = YES;
				CLANG_ENABLE_OBJC_ARC = YES;
				CLANG_ENABLE_OBJC_WEAK = YES;
				CLANG_WARN_BLOCK_CAPTURE_AUTORELEASING = YES;
				CLANG_WARN_BOOL_CONVERSION = YES;
				CLANG_WARN_COMMA = YES;
				CLANG_WARN_CONSTANT_CONVERSION = YES;
				CLANG_WARN_DEPRECATED_OBJC_IMPLEMENTATIONS = YES;
				CLANG_WARN_DIRECT_OBJC_ISA_USAGE = YES_ERROR;
				CLANG_WARN_DOCUMENTATION_COMMENTS = YES;
				CLANG_WARN_EMPTY_BODY = YES;
				CLANG_WARN_ENUM_CONVERSION = YES;
				CLANG_WARN_INFINITE_RECURSION = YES;
				CLANG_WARN_INT_CONVERSION = YES;
				CLANG_WARN_NON_LITERAL_NULL_CONVERSION = YES;
				CLANG_WARN_OBJC_IMPLICIT_RETAIN_SELF = YES;
				CLANG_WARN_OBJC_LITERAL_CONVERSION = YES;
				CLANG_WARN_OBJC_ROOT_CLASS = YES_ERROR;
				CLANG_WARN_RANGE_LOOP_ANALYSIS = YES;
				CLANG_WARN_STRICT_PROTOTYPES = YES;
				CLANG_WARN_SUSPICIOUS_MOVE = YES;
				CLANG_WARN_UNGUARDED_AVAILABILITY = YES_AGGRESSIVE;
				CLANG_WARN_UNREACHABLE_CODE = YES;
				CLANG_WARN__DUPLICATE_METHOD_MATCH = YES;
				COPY_PHASE_STRIP = NO;
				DEBUG_INFORMATION_FORMAT = "dwarf-with-dsym";
				ENABLE_NS_ASSERTIONS = NO;
				ENABLE_STRICT_OBJC_MSGSEND = YES;
				GCC_C_LANGUAGE_STANDARD = gnu11;
				GCC_NO_COMMON_BLOCKS = YES;
				GCC_WARN_64_TO_32_BIT_CONVERSION = YES;
				GCC_WARN_ABOUT_RETURN_TYPE = YES_ERROR;
				GCC_WARN_UNDECLARED_SELECTOR = YES;
				GCC_WARN_UNINITIALIZED_AUTOS = YES_AGGRESSIVE;
				GCC_WARN_UNUSED_FUNCTION = YES;
				GCC_WARN_UNUSED_VARIABLE = YES;
				IPHONEOS_DEPLOYMENT_TARGET = 13.2;
				MTL_ENABLE_DEBUG_INFO = NO;
				MTL_FAST_MATH = YES;
				SDKROOT = iphoneos;
				SWIFT_COMPILATION_MODE = wholemodule;
				SWIFT_OPTIMIZATION_LEVEL = "-O";
				VALIDATE_PRODUCT = YES;
			};
			name = Release;
		};
		C65B881E2444F1F200F86D38 /* Debug */ = {
			isa = XCBuildConfiguration;
			buildSettings = {
				ASSETCATALOG_COMPILER_APPICON_NAME = AppIcon;
				CODE_SIGN_STYLE = Automatic;
				INFOPLIST_FILE = CryptoConverter/Info.plist;
				LD_RUNPATH_SEARCH_PATHS = (
					"$(inherited)",
					"@executable_path/Frameworks",
				);
				PRODUCT_BUNDLE_IDENTIFIER = dkd.CryptoConverter;
				PRODUCT_NAME = "$(TARGET_NAME)";
				SWIFT_VERSION = 5.0;
				TARGETED_DEVICE_FAMILY = "1,2";
			};
			name = Debug;
		};
		C65B881F2444F1F200F86D38 /* Release */ = {
			isa = XCBuildConfiguration;
			buildSettings = {
				ASSETCATALOG_COMPILER_APPICON_NAME = AppIcon;
				CODE_SIGN_STYLE = Automatic;
				INFOPLIST_FILE = CryptoConverter/Info.plist;
				LD_RUNPATH_SEARCH_PATHS = (
					"$(inherited)",
					"@executable_path/Frameworks",
				);
				PRODUCT_BUNDLE_IDENTIFIER = dkd.CryptoConverter;
				PRODUCT_NAME = "$(TARGET_NAME)";
				SWIFT_VERSION = 5.0;
				TARGETED_DEVICE_FAMILY = "1,2";
			};
			name = Release;
		};
/* End XCBuildConfiguration section */

/* Begin XCConfigurationList section */
		C65B88042444F1ED00F86D38 /* Build configuration list for PBXProject "CryptoConverter" */ = {
			isa = XCConfigurationList;
			buildConfigurations = (
				C65B881B2444F1F200F86D38 /* Debug */,
				C65B881C2444F1F200F86D38 /* Release */,
			);
			defaultConfigurationIsVisible = 0;
			defaultConfigurationName = Release;
		};
		C65B881D2444F1F200F86D38 /* Build configuration list for PBXNativeTarget "CryptoConverter" */ = {
			isa = XCConfigurationList;
			buildConfigurations = (
				C65B881E2444F1F200F86D38 /* Debug */,
				C65B881F2444F1F200F86D38 /* Release */,
			);
			defaultConfigurationIsVisible = 0;
			defaultConfigurationName = Release;
		};
/* End XCConfigurationList section */
	};
	rootObject = C65B88012444F1ED00F86D38 /* Project object */;
}
